{
  "nodes": {
    "nixpkgs": {
      "locked": {
        "lastModified": 1660438583,
        "narHash": "sha256-rJUTYxFKlWUJI3njAwEc1pKAVooAViZGJvsgqfh/q/E=",
        "owner": "nix-community",
        "repo": "nixpkgs.lib",
        "rev": "bbd8f7cd87d0b29294ef3072ffdbd61d60f05da4",
        "type": "github"
      },
      "original": {
        "owner": "nix-community",
        "repo": "nixpkgs.lib",
        "type": "github"
      }
    },
    "root": {
      "inputs": {
        "nixpkgs": "nixpkgs"
      }
    }
  },
  "root": "root",
  "version": 7
}
