{
  "nodes": {
    "alejandra": {
      "inputs": {
        "fenix": "fenix",
        "flakeCompat": "flakeCompat",
        "flakeUtils": "flakeUtils",
        "nixpkgs": [
          "nixpkgs"
        ],
        "rustAnalyzer": "rustAnalyzer",
        "treefmt": "treefmt"
      },
      "locked": {
        "lastModified": 1643768181,
        "narHash": "sha256-ie+jEu64YmJuEHyaY/4thmctjgR6B4g2muTJx8OBNng=",
        "owner": "kamadorueda",
        "repo": "alejandra",
        "rev": "d479b6b77089269891e1311eaf41f966ecd0beef",
        "type": "github"
      },
      "original": {
        "owner": "kamadorueda",
        "repo": "alejandra",
        "type": "github"
      }
    },
    "fenix": {
      "inputs": {
        "nixpkgs": [
          "alejandra",
          "nixpkgs"
        ],
        "rust-analyzer-src": [
          "alejandra",
          "rustAnalyzer"
        ]
      },
      "locked": {
        "lastModified": 1643610217,
        "narHash": "sha256-3cFZt9Eyz70s1CNYO3wJeUDgLUC9tC4s5hNpLtX3FQY=",
        "owner": "nix-community",
        "repo": "fenix",
        "rev": "bd91b6fddf7fdf90ad9924339fcb40f008f57447",
        "type": "github"
      },
      "original": {
        "owner": "nix-community",
        "repo": "fenix",
        "type": "github"
      }
    },
    "flake-utils": {
      "locked": {
        "lastModified": 1642700792,
        "narHash": "sha256-XqHrk7hFb+zBvRg6Ghl+AZDq03ov6OshJLiSWOoX5es=",
        "owner": "numtide",
        "repo": "flake-utils",
        "rev": "846b2ae0fc4cc943637d3d1def4454213e203cba",
        "type": "github"
      },
      "original": {
        "owner": "numtide",
        "repo": "flake-utils",
        "type": "github"
      }
    },
    "flake-utils_2": {
      "locked": {
        "lastModified": 1610051610,
        "narHash": "sha256-U9rPz/usA1/Aohhk7Cmc2gBrEEKRzcW4nwPWMPwja4Y=",
        "owner": "numtide",
        "repo": "flake-utils",
        "rev": "3982c9903e93927c2164caa727cd3f6a0e6d14cc",
        "type": "github"
      },
      "original": {
        "owner": "numtide",
        "repo": "flake-utils",
        "type": "github"
      }
    },
    "flakeCompat": {
      "flake": false,
      "locked": {
        "lastModified": 1641205782,
        "narHash": "sha256-4jY7RCWUoZ9cKD8co0/4tFARpWB+57+r1bLLvXNJliY=",
        "owner": "edolstra",
        "repo": "flake-compat",
        "rev": "b7547d3eed6f32d06102ead8991ec52ab0a4f1a7",
        "type": "github"
      },
      "original": {
        "owner": "edolstra",
        "repo": "flake-compat",
        "type": "github"
      }
    },
    "flakeUtils": {
      "locked": {
        "lastModified": 1642700792,
        "narHash": "sha256-XqHrk7hFb+zBvRg6Ghl+AZDq03ov6OshJLiSWOoX5es=",
        "owner": "numtide",
        "repo": "flake-utils",
        "rev": "846b2ae0fc4cc943637d3d1def4454213e203cba",
        "type": "github"
      },
      "original": {
        "owner": "numtide",
        "repo": "flake-utils",
        "type": "github"
      }
    },
    "nixpkgs": {
      "locked": {
        "lastModified": 1643472818,
        "narHash": "sha256-qzVPxKDUubYIxKRSuDl/JgzXWSmGvUVYny9SxFMfPJM=",
        "owner": "nixos",
        "repo": "nixpkgs",
        "rev": "7f65e4abd5ecaad12d2d26e4380d1a7d8edafea7",
        "type": "github"
      },
      "original": {
        "owner": "nixos",
        "ref": "nixpkgs-unstable",
        "repo": "nixpkgs",
        "type": "github"
      }
    },
    "root": {
      "inputs": {
        "alejandra": "alejandra",
        "flake-utils": "flake-utils",
        "nixpkgs": "nixpkgs",
        "treefmt": "treefmt_2"
      }
    },
    "rustAnalyzer": {
      "flake": false,
      "locked": {
        "lastModified": 1643645003,
        "narHash": "sha256-uz+MXBcGoIqzc6acGB7GjJQsTWKr341+fjjv+pQR8N8=",
        "owner": "rust-analyzer",
        "repo": "rust-analyzer",
        "rev": "4800c05a206eb156617b76fdb30af0b6c2c0fb26",
        "type": "github"
      },
      "original": {
        "owner": "rust-analyzer",
        "repo": "rust-analyzer",
        "type": "github"
      }
    },
    "treefmt": {
      "locked": {
        "lastModified": 1625557891,
        "narHash": "sha256-O8/MWsPBGhhyPoPLHZAuoZiiHo9q6FLlEeIDEXuj6T4=",
        "owner": "divnix",
        "repo": "blank",
        "rev": "5a5d2684073d9f563072ed07c871d577a6c614a8",
        "type": "github"
      },
      "original": {
        "owner": "numtide",
        "repo": "treefmt",
        "type": "github"
      }
    },
    "treefmt_2": {
      "inputs": {
        "flake-utils": "flake-utils_2",
        "nixpkgs": [
          "nixpkgs"
        ]
      },
      "locked": {
        "lastModified": 1640364438,
        "narHash": "sha256-sV1Oa9JVNmpAwZ4cnVs7ovHrKL8EPg3J08jPX/a48LI=",
        "owner": "numtide",
        "repo": "treefmt",
        "rev": "26d7f5f15e5d22d4413ba7c5ae0447fdc0b5cc76",
        "type": "github"
      },
      "original": {
        "owner": "numtide",
        "repo": "treefmt",
        "type": "github"
      }
    }
  },
  "root": "root",
  "version": 7
}
